{
  "name": "@hmcts/dg-docassembly-webcomponent",
  "version": "0.1.6",
  "lockfileVersion": 1,
  "requires": true,
  "dependencies": {
    "@hmcts/annotation-ui-lib": {
      "version": "1.0.20",
      "resolved": "https://registry.npmjs.org/@hmcts/annotation-ui-lib/-/annotation-ui-lib-1.0.20.tgz",
      "integrity": "sha512-I/kFBY6RpxcnLTkieyXMgL9Tcq+mSmt3ucz7Hwh0uFn/HL9fwkUxNY4Mz8SVzp+DyYkwcXbXTESplEcczRy5kA==",
      "requires": {
        "@hmcts/frontend": "0.0.14-alpha",
        "@hmcts/pdf-annotate": "^1.1.15",
        "govuk-frontend": "2.5.0",
        "tslib": "^1.9.0"
      },
      "dependencies": {
        "govuk-frontend": {
          "version": "2.5.0",
          "resolved": "https://registry.npmjs.org/govuk-frontend/-/govuk-frontend-2.5.0.tgz",
          "integrity": "sha512-NjrI7G7oFXvuFhj30a3bAuouUWZwfkpewEUmmz5Sfm/BgM9ElTyhV/bvQaGcCefLhYTwXI8DSnZ86861GMZUug=="
        }
      }
    },
    "@hmcts/frontend": {
      "version": "0.0.14-alpha",
      "resolved": "https://registry.npmjs.org/@hmcts/frontend/-/frontend-0.0.14-alpha.tgz",
      "integrity": "sha512-gRaSJgF41A7SyL87nwf9dU/nFrB4OPT/xz4CwtJkkaxX0cLjUiAiNGr3ti6wLEaHviCh5Jjw8i5kMHWm9bGBFw=="
    },
    "@hmcts/govuk-formly-templates": {
      "version": "0.1.14",
      "resolved": "https://registry.npmjs.org/@hmcts/govuk-formly-templates/-/govuk-formly-templates-0.1.14.tgz",
      "integrity": "sha512-paSsF5fsxoLS8PT3uDeoCzYFR399OQWvH0rvuCDTO8PhVAsTeMNztqdR9W5g9/zNB1+3/IZOioNnLxueVz0I7Q==",
      "requires": {
        "tslib": "^1.9.0"
      }
    },
    "@hmcts/pdf-annotate": {
      "version": "1.1.16",
      "resolved": "https://registry.npmjs.org/@hmcts/pdf-annotate/-/pdf-annotate-1.1.16.tgz",
      "integrity": "sha512-+tDFPOPW9sknJO/hUo4vfQ2fkMINCzuH/Mr2F9SJjLOXxdL6jjHy6zfGJ4jxQauGN8TNLskvP00dAIb2yJ9zdg==",
      "requires": {
        "create-stylesheet": "^0.3.0",
        "object-assign": "^4.0.1"
      }
    },
    "@ngx-formly/core": {
      "version": "4.8.2",
      "resolved": "https://registry.npmjs.org/@ngx-formly/core/-/core-4.8.2.tgz",
      "integrity": "sha512-KWgV0qjOdJe9UNRPnSMAiWkNXbKGYkXxi9aWdqcroNAls4OrbX9B8PdUeEVEPXekuDttNEOx+IaJXoJTOOkKww==",
      "requires": {
        "tslib": "^1.7.1"
      }
    },
    "create-stylesheet": {
      "version": "0.3.0",
      "resolved": "https://registry.npmjs.org/create-stylesheet/-/create-stylesheet-0.3.0.tgz",
      "integrity": "sha1-N0edg8dRMbBnfQBRDQQZ/MzJvJY="
    },
    "govuk-frontend": {
      "version": "2.8.0",
      "resolved": "https://registry.npmjs.org/govuk-frontend/-/govuk-frontend-2.8.0.tgz",
      "integrity": "sha512-yGjvE9HlIRUb5IxpF19h+IMIX8ATlCsyXLIY/KTvCRnHMMOd0RNlTtHyhD7YMP3k1yP+mqlyoQYcNH9XC8Qwqw=="
    },
    "object-assign": {
      "version": "4.1.1",
      "resolved": "https://registry.npmjs.org/object-assign/-/object-assign-4.1.1.tgz",
      "integrity": "sha1-IQmtx5ZYh8/AXLvUQsrIv7s2CGM="
    },
    "tslib": {
      "version": "1.9.3",
      "resolved": "https://registry.npmjs.org/tslib/-/tslib-1.9.3.tgz",
      "integrity": "sha512-4krF8scpejhaOgqzBEcGM7yDIEfi0/8+8zDRZhNZZ2kjmHJ4hv3zCbQWxoJGz1iw5U0Jl0nma13xzHXcncMavQ=="
    }
  }
}
